
Microsoft Visual Studio Solution File, Format Version 12.00
# Visual Studio Version 16
VisualStudioVersion = 16.0.28803.156
MinimumVisualStudioVersion = 10.0.40219.1
Project("{FAE04EC0-301F-11D3-BF4B-00C04F79EFBC}") = "Game", "Game\Game.csproj", "{FF38EF05-54E2-4B34-80D9-B25818087F8D}"
EndProject
Global
	GlobalSection(SolutionConfigurationPlatforms) = preSolution
		Debug|Any CPU = Debug|Any CPU
		Release|Any CPU = Release|Any CPU
	EndGlobalSection
	GlobalSection(ProjectConfigurationPlatforms) = postSolution
		{FF38EF05-54E2-4B34-80D9-B25818087F8D}.Debug|Any CPU.ActiveCfg = Debug|Any CPU
		{FF38EF05-54E2-4B34-80D9-B25818087F8D}.Debug|Any CPU.Build.0 = Debug|Any CPU
		{FF38EF05-54E2-4B34-80D9-B25818087F8D}.Release|Any CPU.ActiveCfg = Release|Any CPU
		{FF38EF05-54E2-4B34-80D9-B25818087F8D}.Release|Any CPU.Build.0 = Release|Any CPU
	EndGlobalSection
	GlobalSection(SolutionProperties) = preSolution
		HideSolutionNode = FALSE
	EndGlobalSection
	GlobalSection(ExtensibilityGlobals) = postSolution
		SolutionGuid = {7C94FC17-EAAA-49B0-9398-24F9A8A87BF5}
	EndGlobalSection
EndGlobal
