
Microsoft Visual Studio Solution File, Format Version 12.00
# Visual Studio Version 16
VisualStudioVersion = 16.0.28803.156
MinimumVisualStudioVersion = 10.0.40219.1
Project("{9A19103F-16F7-4668-BE54-9A1E7A4F7556}") = "Practice", "Practice\Practice.csproj", "{F8D7F396-708E-4304-B921-1FEF7C59114F}"
EndProject
Project("{9A19103F-16F7-4668-BE54-9A1E7A4F7556}") = "Game", "Practice\Game\Game.csproj", "{0077CAA3-C81C-4517-9F76-FC053E058BB4}"
EndProject
Global
	GlobalSection(SolutionConfigurationPlatforms) = preSolution
		Debug|Any CPU = Debug|Any CPU
		Release|Any CPU = Release|Any CPU
	EndGlobalSection
	GlobalSection(ProjectConfigurationPlatforms) = postSolution
		{F8D7F396-708E-4304-B921-1FEF7C59114F}.Debug|Any CPU.ActiveCfg = Debug|Any CPU
		{F8D7F396-708E-4304-B921-1FEF7C59114F}.Debug|Any CPU.Build.0 = Debug|Any CPU
		{F8D7F396-708E-4304-B921-1FEF7C59114F}.Release|Any CPU.ActiveCfg = Release|Any CPU
		{F8D7F396-708E-4304-B921-1FEF7C59114F}.Release|Any CPU.Build.0 = Release|Any CPU
		{0077CAA3-C81C-4517-9F76-FC053E058BB4}.Debug|Any CPU.ActiveCfg = Debug|Any CPU
		{0077CAA3-C81C-4517-9F76-FC053E058BB4}.Debug|Any CPU.Build.0 = Debug|Any CPU
		{0077CAA3-C81C-4517-9F76-FC053E058BB4}.Release|Any CPU.ActiveCfg = Release|Any CPU
		{0077CAA3-C81C-4517-9F76-FC053E058BB4}.Release|Any CPU.Build.0 = Release|Any CPU
	EndGlobalSection
	GlobalSection(SolutionProperties) = preSolution
		HideSolutionNode = FALSE
	EndGlobalSection
	GlobalSection(ExtensibilityGlobals) = postSolution
		SolutionGuid = {7DCD93CA-9BF0-48E5-849A-F89575F7C162}
	EndGlobalSection
EndGlobal
