
Microsoft Visual Studio Solution File, Format Version 12.00
# Visual Studio Version 16
VisualStudioVersion = 16.0.28803.156
MinimumVisualStudioVersion = 10.0.40219.1
Project("{FAE04EC0-301F-11D3-BF4B-00C04F79EFBC}") = "生成随机数组", "生成随机数组\生成随机数组.csproj", "{B38F7014-B540-4460-BD6A-FB8F7170675D}"
EndProject
Global
	GlobalSection(SolutionConfigurationPlatforms) = preSolution
		Debug|Any CPU = Debug|Any CPU
		Release|Any CPU = Release|Any CPU
	EndGlobalSection
	GlobalSection(ProjectConfigurationPlatforms) = postSolution
		{B38F7014-B540-4460-BD6A-FB8F7170675D}.Debug|Any CPU.ActiveCfg = Debug|Any CPU
		{B38F7014-B540-4460-BD6A-FB8F7170675D}.Debug|Any CPU.Build.0 = Debug|Any CPU
		{B38F7014-B540-4460-BD6A-FB8F7170675D}.Release|Any CPU.ActiveCfg = Release|Any CPU
		{B38F7014-B540-4460-BD6A-FB8F7170675D}.Release|Any CPU.Build.0 = Release|Any CPU
	EndGlobalSection
	GlobalSection(SolutionProperties) = preSolution
		HideSolutionNode = FALSE
	EndGlobalSection
	GlobalSection(ExtensibilityGlobals) = postSolution
		SolutionGuid = {403FE392-A4D7-4CEB-80D5-B821F401B704}
	EndGlobalSection
EndGlobal
